{
    "_meta": {
        "hash": {
            "sha256": "6532249d4ac11d96df13176d768f283fb53eaa2f37a295278027e65f73508d24"
        },
        "pipfile-spec": 6,
        "requires": {
            "python_version": "3.6"
        },
        "sources": [
            {
                "name": "pypi",
                "url": "https://pypi.python.org/simple",
                "verify_ssl": true
            }
        ]
    },
    "default": {
        "authy": {
            "hashes": [
                "sha256:fffbef760dc5a4ad0748480159773f2ea574957fe7440f2139cfe0048ceaa7bd"
            ],
            "index": "pypi",
            "version": "==2.2.3"
        },
        "certifi": {
            "hashes": [
                "sha256:046832c04d4e752f37383b628bc601a7ea7211496b4638f6514d0e5b9acc4939",
                "sha256:945e3ba63a0b9f577b1395204e13c3a231f9bc0223888be653286534e5873695"
            ],
            "version": "==2019.6.16"
        },
        "chardet": {
            "hashes": [
                "sha256:84ab92ed1c4d4f16916e05906b6b75a6c0fb5db821cc65e70cbd64a3e2a5eaae",
                "sha256:fc323ffcaeaed0e0a02bf4d117757b98aed530d9ed4531e3e15460124c106691"
            ],
            "version": "==3.0.4"
        },
        "django": {
            "hashes": [
                "sha256:830d5d40a1705089502bba70605ab3246831440ffc16d1501dfeeef5f4b9c845",
                "sha256:94395804ad80f68d66090a74d68ff2583b43333e1785a026c2aa10cf161642a6"
            ],
            "index": "pypi",
            "version": "==1.11.22"
        },
        "idna": {
            "hashes": [
                "sha256:c357b3f628cf53ae2c4c05627ecc484553142ca23264e593d327bcde5e9c3407",
                "sha256:ea8b7f6188e6fa117537c3df7da9fc686d485087abf6ac197f9c46432f7e4a3c"
            ],
            "version": "==2.8"
        },
        "phonenumbers": {
            "hashes": [
                "sha256:617b9127dc6fd29765ca122915d3b603131446a76a587deed0b92c8db53963fe",
                "sha256:fcda95d0e4f175dc854bc8c499677fe0b26075f327d6aa5c2f05846007fc4249"
            ],
            "index": "pypi",
            "version": "==8.10.15"
        },
        "python-dotenv": {
            "hashes": [
                "sha256:debd928b49dbc2bf68040566f55cdb3252458036464806f4094487244e2a4093",
                "sha256:f157d71d5fec9d4bd5f51c82746b6344dffa680ee85217c123f4a0c8117c4544"
            ],
            "index": "pypi",
            "version": "==0.10.3"
        },
        "pytz": {
            "hashes": [
                "sha256:303879e36b721603cc54604edcac9d20401bdbe31e1e4fdee5b9f98d5d31dfda",
                "sha256:d747dd3d23d77ef44c6a3526e274af6efeb0a6f1afd5a69ba4d5be4098c8e141"
            ],
            "version": "==2019.1"
        },
        "requests": {
            "hashes": [
                "sha256:11e007a8a2aa0323f5a921e9e6a2d7e4e67d9877e85773fba9ba6419025cbeb4",
                "sha256:9cf5292fcd0f598c671cfc1e0d7d1a7f13bb8085e9a590f48c010551dc6c4b31"
            ],
            "version": "==2.22.0"
        },
        "simplejson": {
            "hashes": [
                "sha256:067a7177ddfa32e1483ba5169ebea1bc2ea27f224853211ca669325648ca5642",
                "sha256:2fc546e6af49fb45b93bbe878dea4c48edc34083729c0abd09981fe55bdf7f91",
                "sha256:354fa32b02885e6dae925f1b5bbf842c333c1e11ea5453ddd67309dc31fdb40a",
                "sha256:37e685986cf6f8144607f90340cff72d36acf654f3653a6c47b84c5c38d00df7",
                "sha256:3af610ee72efbe644e19d5eaad575c73fb83026192114e5f6719f4901097fce2",
                "sha256:3b919fc9cf508f13b929a9b274c40786036b31ad28657819b3b9ba44ba651f50",
                "sha256:3dd289368bbd064974d9a5961101f080e939cbe051e6689a193c99fb6e9ac89b",
                "sha256:6c3258ffff58712818a233b9737fe4be943d306c40cf63d14ddc82ba563f483a",
                "sha256:75e3f0b12c28945c08f54350d91e624f8dd580ab74fd4f1bbea54bc6b0165610",
                "sha256:b1f329139ba647a9548aa05fb95d046b4a677643070dc2afc05fa2e975d09ca5",
                "sha256:ee9625fc8ee164902dfbb0ff932b26df112da9f871c32f0f9c1bcf20c350fe2a",
                "sha256:fb2530b53c28f0d4d84990e945c2ebb470edb469d63e389bf02ff409012fe7c5"
            ],
            "version": "==3.16.0"
        },
        "six": {
            "hashes": [
                "sha256:3350809f0555b11f552448330d0b52d5f24c91a322ea4a15ef22629740f3761c",
                "sha256:d16a0141ec1a18405cd4ce8b4613101da75da0e9a7aec5bdd4fa804d0e0eba73"
            ],
            "version": "==1.12.0"
        },
        "typing": {
            "hashes": [
                "sha256:38566c558a0a94d6531012c8e917b1b8518a41e418f7f15f00e129cc80162ad3",
                "sha256:53765ec4f83a2b720214727e319607879fec4acde22c4fbb54fa2604e79e44ce",
                "sha256:84698954b4e6719e912ef9a42a2431407fe3755590831699debda6fba92aac55"
            ],
            "markers": "python_version < '3.5'",
            "version": "==3.7.4"
        },
        "urllib3": {
            "hashes": [
                "sha256:b246607a25ac80bedac05c6f282e3cdaf3afb65420fd024ac94435cabe6e18d1",
                "sha256:dbe59173209418ae49d485b87d1681aefa36252ee85884c31346debd19463232"
            ],
            "version": "==1.25.3"
        }
    },
    "develop": {
        "aspy.yaml": {
            "hashes": [
                "sha256:463372c043f70160a9ec950c3f1e4c3a82db5fca01d334b6bc89c7164d744bdc",
                "sha256:e7c742382eff2caed61f87a39d13f99109088e5e93f04d76eb8d4b28aa143f45"
            ],
            "version": "==1.3.0"
        },
        "cfgv": {
            "hashes": [
                "sha256:32edbe09de6f4521224b87822103a8c16a614d31a894735f7a5b3bcf0eb3c37e",
                "sha256:3bd31385cd2bebddbba8012200aaf15aa208539f1b33973759b4d02fc2148da5"
            ],
            "version": "==2.0.0"
        },
        "configparser": {
            "hashes": [
                "sha256:8be81d89d6e7b4c0d4e44bcc525845f6da25821de80cb5e06e7e0238a2899e32",
                "sha256:da60d0014fd8c55eb48c1c5354352e363e2d30bbf7057e5e171a468390184c75"
            ],
            "markers": "python_version < '3'",
            "version": "==3.7.4"
        },
        "contextlib2": {
            "hashes": [
                "sha256:509f9419ee91cdd00ba34443217d5ca51f5a364a404e1dce9e8979cea969ca48",
                "sha256:f5260a6e679d2ff42ec91ec5252f4eeffdcf21053db9113bd0a8e4d953769c00"
            ],
            "markers": "python_version < '3'",
            "version": "==0.5.5"
        },
        "entrypoints": {
            "hashes": [
                "sha256:589f874b313739ad35be6e0cd7efde2a4e9b6fea91edcc34e58ecbb8dbe56d19",
                "sha256:c70dd71abe5a8c85e55e12c19bd91ccfeec11a6e99044204511f9ed547d48451"
            ],
            "version": "==0.3"
        },
        "enum34": {
            "hashes": [
                "sha256:2d81cbbe0e73112bdfe6ef8576f2238f2ba27dd0d55752a776c41d38b7da2850",
                "sha256:644837f692e5f550741432dd3f223bbb9852018674981b1664e5dc339387588a",
                "sha256:6bd0f6ad48ec2aa117d3d141940d484deccda84d4fcd884f5c3d93c23ecd8c79",
                "sha256:8ad8c4783bf61ded74527bffb48ed9b54166685e4230386a9ed9b1279e2df5b1"
            ],
            "markers": "python_version < '3.4'",
            "version": "==1.1.6"
        },
        "flake8": {
            "hashes": [
                "sha256:19241c1cbc971b9962473e4438a2ca19749a7dd002dd1a946eaba171b4114548",
                "sha256:8e9dfa3cecb2400b3738a42c54c3043e821682b9c840b0448c0503f781130696"
            ],
            "index": "pypi",
            "version": "==3.7.8"
        },
        "functools32": {
            "hashes": [
                "sha256:89d824aa6c358c421a234d7f9ee0bd75933a67c29588ce50aaa3acdf4d403fa0",
                "sha256:f6253dfbe0538ad2e387bd8fdfd9293c925d63553f5813c4e587745416501e6d"
            ],
            "markers": "python_version < '3.2'",
            "version": "==3.2.3.post2"
        },
        "futures": {
            "hashes": [
                "sha256:49b3f5b064b6e3afc3316421a3f25f66c137ae88f068abbf72830170033c5e16",
                "sha256:7e033af76a5e35f58e56da7a91e687706faf4e7bdfb2cbc3f2cca6b9bcda9794"
            ],
            "markers": "python_version < '3.2'",
            "version": "==3.3.0"
        },
        "identify": {
            "hashes": [
                "sha256:0a11379b46d06529795442742a043dc2fa14cd8c995ae81d1febbc5f1c014c87",
                "sha256:43a5d24ffdb07bc7e21faf68b08e9f526a1f41f0056073f480291539ef961dfd"
            ],
            "version": "==1.4.5"
        },
        "importlib-metadata": {
            "hashes": [
                "sha256:6dfd58dfe281e8d240937776065dd3624ad5469c835248219bd16cf2e12dbeb7",
                "sha256:cb6ee23b46173539939964df59d3d72c3e0c1b5d54b84f1d8a7e912fe43612db"
            ],
            "version": "==0.18"
        },
        "importlib-resources": {
            "hashes": [
                "sha256:6e2783b2538bd5a14678284a3962b0660c715e5a0f10243fd5e00a4b5974f50b",
                "sha256:d3279fd0f6f847cced9f7acc19bd3e5df54d34f93a2e7bb5f238f81545787078"
            ],
            "markers": "python_version < '3.7'",
            "version": "==1.0.2"
        },
        "mccabe": {
            "hashes": [
                "sha256:ab8a6258860da4b6677da4bd2fe5dc2c659cff31b3ee4f7f5d64e79735b80d42",
                "sha256:dd8d182285a0fe56bace7f45b5e7d1a6ebcbf524e8f3bd87eb0f125271b8831f"
            ],
            "version": "==0.6.1"
        },
        "nodeenv": {
            "hashes": [
                "sha256:ad8259494cf1c9034539f6cced78a1da4840a4b157e23640bc4a0c0546b0cb7a"
            ],
            "version": "==1.3.3"
        },
        "pathlib2": {
            "hashes": [
                "sha256:2156525d6576d21c4dcaddfa427fae887ef89a7a9de5cbfe0728b3aafa78427e",
                "sha256:446014523bb9be5c28128c4d2a10ad6bb60769e78bd85658fe44a450674e0ef8"
            ],
            "markers": "python_version == '3.4.*' or python_version < '3'",
            "version": "==2.3.4"
        },
        "pre-commit": {
            "hashes": [
                "sha256:92e406d556190503630fd801958379861c94884693a032ba66629d0351fdccd4",
                "sha256:cccc39051bc2457b0c0f7152a411f8e05e3ba2fe1a5613e4ee0833c1c1985ce3"
            ],
            "index": "pypi",
            "version": "==1.17.0"
        },
        "pycodestyle": {
            "hashes": [
                "sha256:95a2219d12372f05704562a14ec30bc76b05a5b297b21a5dfe3f6fac3491ae56",
                "sha256:e40a936c9a450ad81df37f549d676d127b1b66000a6c500caa2b085bc0ca976c"
            ],
            "version": "==2.5.0"
        },
        "pyflakes": {
            "hashes": [
                "sha256:17dbeb2e3f4d772725c777fabc446d5634d1038f234e77343108ce445ea69ce0",
                "sha256:d976835886f8c5b31d47970ed689944a0262b5f3afa00a5a7b4dc81e5449f8a2"
            ],
            "version": "==2.1.1"
        },
        "pyyaml": {
            "hashes": [
                "sha256:57acc1d8533cbe51f6662a55434f0dbecfa2b9eaf115bede8f6fd00115a0c0d3",
                "sha256:588c94b3d16b76cfed8e0be54932e5729cc185caffaa5a451e7ad2f7ed8b4043",
                "sha256:68c8dd247f29f9a0d09375c9c6b8fdc64b60810ebf07ba4cdd64ceee3a58c7b7",
                "sha256:70d9818f1c9cd5c48bb87804f2efc8692f1023dac7f1a1a5c61d454043c1d265",
                "sha256:86a93cccd50f8c125286e637328ff4eef108400dd7089b46a7be3445eecfa391",
                "sha256:a0f329125a926876f647c9fa0ef32801587a12328b4a3c741270464e3e4fa778",
                "sha256:a3c252ab0fa1bb0d5a3f6449a4826732f3eb6c0270925548cac342bc9b22c225",
                "sha256:b4bb4d3f5e232425e25dda21c070ce05168a786ac9eda43768ab7f3ac2770955",
                "sha256:cd0618c5ba5bda5f4039b9398bb7fb6a317bb8298218c3de25c47c4740e4b95e",
                "sha256:ceacb9e5f8474dcf45b940578591c7f3d960e82f926c707788a570b51ba59190",
                "sha256:fe6a88094b64132c4bb3b631412e90032e8cfe9745a58370462240b8cb7553cd"
            ],
            "version": "==5.1.1"
        },
        "scandir": {
            "hashes": [
                "sha256:2586c94e907d99617887daed6c1d102b5ca28f1085f90446554abf1faf73123e",
                "sha256:2ae41f43797ca0c11591c0c35f2f5875fa99f8797cb1a1fd440497ec0ae4b022",
                "sha256:2b8e3888b11abb2217a32af0766bc06b65cc4a928d8727828ee68af5a967fa6f",
                "sha256:2c712840c2e2ee8dfaf36034080108d30060d759c7b73a01a52251cc8989f11f",
                "sha256:4d4631f6062e658e9007ab3149a9b914f3548cb38bfb021c64f39a025ce578ae",
                "sha256:67f15b6f83e6507fdc6fca22fedf6ef8b334b399ca27c6b568cbfaa82a364173",
                "sha256:7d2d7a06a252764061a020407b997dd036f7bd6a175a5ba2b345f0a357f0b3f4",
                "sha256:8c5922863e44ffc00c5c693190648daa6d15e7c1207ed02d6f46a8dcc2869d32",
                "sha256:92c85ac42f41ffdc35b6da57ed991575bdbe69db895507af88b9f499b701c188",
                "sha256:b24086f2375c4a094a6b51e78b4cf7ca16c721dcee2eddd7aa6494b42d6d519d",
                "sha256:cb925555f43060a1745d0a321cca94bcea927c50114b623d73179189a4e100ac"
            ],
            "markers": "python_version < '3.5'",
            "version": "==1.10.0"
        },
        "six": {
            "hashes": [
                "sha256:3350809f0555b11f552448330d0b52d5f24c91a322ea4a15ef22629740f3761c",
                "sha256:d16a0141ec1a18405cd4ce8b4613101da75da0e9a7aec5bdd4fa804d0e0eba73"
            ],
            "version": "==1.12.0"
        },
        "toml": {
            "hashes": [
                "sha256:229f81c57791a41d65e399fc06bf0848bab550a9dfd5ed66df18ce5f05e73d5c",
                "sha256:235682dd292d5899d361a811df37e04a8828a5b1da3115886b73cf81ebc9100e"
            ],
            "version": "==0.10.0"
        },
        "typing": {
            "hashes": [
                "sha256:38566c558a0a94d6531012c8e917b1b8518a41e418f7f15f00e129cc80162ad3",
                "sha256:53765ec4f83a2b720214727e319607879fec4acde22c4fbb54fa2604e79e44ce",
                "sha256:84698954b4e6719e912ef9a42a2431407fe3755590831699debda6fba92aac55"
            ],
            "markers": "python_version < '3.5'",
            "version": "==3.7.4"
        },
        "virtualenv": {
            "hashes": [
                "sha256:861bbce3a418110346c70f5c7a696fdcf23a261424e1d28aa4f9362fc2ccbc19",
                "sha256:ba8ce6a961d842320681fb90a3d564d0e5134f41dacd0e2bae7f02441dde2d52"
            ],
            "version": "==16.6.2"
        },
        "zipp": {
            "hashes": [
                "sha256:4970c3758f4e89a7857a973b1e2a5d75bcdc47794442f2e2dd4fe8e0466e809a",
                "sha256:8a5712cfd3bb4248015eb3b0b3c54a5f6ee3f2425963ef2a0125b8bc40aafaec"
            ],
            "version": "==0.5.2"
        }
    }
}
